
Microsoft Visual Studio Solution File, Format Version 12.00
# Visual Studio 2012
Project("{FAE04EC0-301F-11D3-BF4B-00C04F79EFBC}") = "OPP", "OPP\OPP.csproj", "{E78AFA03-A5D7-4860-B41D-BB399CF21F83}"
EndProject
Global
	GlobalSection(SolutionConfigurationPlatforms) = preSolution
		Debug|Any CPU = Debug|Any CPU
		Release|Any CPU = Release|Any CPU
	EndGlobalSection
	GlobalSection(ProjectConfigurationPlatforms) = postSolution
		{E78AFA03-A5D7-4860-B41D-BB399CF21F83}.Debug|Any CPU.ActiveCfg = Debug|Any CPU
		{E78AFA03-A5D7-4860-B41D-BB399CF21F83}.Debug|Any CPU.Build.0 = Debug|Any CPU
		{E78AFA03-A5D7-4860-B41D-BB399CF21F83}.Release|Any CPU.ActiveCfg = Release|Any CPU
		{E78AFA03-A5D7-4860-B41D-BB399CF21F83}.Release|Any CPU.Build.0 = Release|Any CPU
	EndGlobalSection
	GlobalSection(SolutionProperties) = preSolution
		HideSolutionNode = FALSE
	EndGlobalSection
EndGlobal
